// !$*UTF8*$!
{
	archiveVersion = 1;
	classes = {
	};
	objectVersion = 77;
	objects = {

/* Begin PBXBuildFile section */
		D94538632DBC4499009074A4 /* AppDelegate.swift in Sources */ = {isa = PBXBuildFile; fileRef = D94538592DBC4499009074A4 /* AppDelegate.swift */; };
		D94538642DBC4499009074A4 /* SceneDelegate.swift in Sources */ = {isa = PBXBuildFile; fileRef = D94538602DBC4499009074A4 /* SceneDelegate.swift */; };
		D94538662DBC4499009074A4 /* Assets.xcassets in Resources */ = {isa = PBXBuildFile; fileRef = D945385A2DBC4499009074A4 /* Assets.xcassets */; };
		D94538682DBC4499009074A4 /* LaunchScreen.storyboard in Resources */ = {isa = PBXBuildFile; fileRef = D945385D2DBC4499009074A4 /* LaunchScreen.storyboard */; };
		D94538712DBC46EB009074A4 /* ViewController.swift in Sources */ = {isa = PBXBuildFile; fileRef = D94538702DBC46EB009074A4 /* ViewController.swift */; };
		D94538732DBC49FA009074A4 /* RMLocation.swift in Sources */ = {isa = PBXBuildFile; fileRef = D94538722DBC49FA009074A4 /* RMLocation.swift */; };
		D94538752DBC4A0F009074A4 /* RMCharacter.swift in Sources */ = {isa = PBXBuildFile; fileRef = D94538742DBC4A0F009074A4 /* RMCharacter.swift */; };
		D94538772DBC4A1B009074A4 /* RMEpisode.swift in Sources */ = {isa = PBXBuildFile; fileRef = D94538762DBC4A1B009074A4 /* RMEpisode.swift */; };
		D94538792DBC4A62009074A4 /* RMTabBarController.swift in Sources */ = {isa = PBXBuildFile; fileRef = D94538782DBC4A62009074A4 /* RMTabBarController.swift */; };
		D945387C2DBC4B08009074A4 /* RMCharacterController.swift in Sources */ = {isa = PBXBuildFile; fileRef = D945387B2DBC4B08009074A4 /* RMCharacterController.swift */; };
		D945387E2DBC4B15009074A4 /* RMLocationController.swift in Sources */ = {isa = PBXBuildFile; fileRef = D945387D2DBC4B15009074A4 /* RMLocationController.swift */; };
		D94538802DBC4B27009074A4 /* RMEpisodeController.swift in Sources */ = {isa = PBXBuildFile; fileRef = D945387F2DBC4B27009074A4 /* RMEpisodeController.swift */; };
		D94538822DBC4B31009074A4 /* RMSettingsController.swift in Sources */ = {isa = PBXBuildFile; fileRef = D94538812DBC4B31009074A4 /* RMSettingsController.swift */; };
		D94538842DBD5392009074A4 /* RMService.swift in Sources */ = {isa = PBXBuildFile; fileRef = D94538832DBD5392009074A4 /* RMService.swift */; };
		D94538862DBD53AC009074A4 /* RMRequest.swift in Sources */ = {isa = PBXBuildFile; fileRef = D94538852DBD53AC009074A4 /* RMRequest.swift */; };
		D94538882DBE0BD3009074A4 /* RMEndpoint.swift in Sources */ = {isa = PBXBuildFile; fileRef = D94538872DBE0BD3009074A4 /* RMEndpoint.swift */; };
/* End PBXBuildFile section */

/* Begin PBXFileReference section */
		D94538392DBC4452009074A4 /* Rick&MortyApp.app */ = {isa = PBXFileReference; explicitFileType = wrapper.application; includeInIndex = 0; path = "Rick&MortyApp.app"; sourceTree = BUILT_PRODUCTS_DIR; };
		D94538592DBC4499009074A4 /* AppDelegate.swift */ = {isa = PBXFileReference; lastKnownFileType = sourcecode.swift; path = AppDelegate.swift; sourceTree = "<group>"; };
		D945385A2DBC4499009074A4 /* Assets.xcassets */ = {isa = PBXFileReference; lastKnownFileType = folder.assetcatalog; path = Assets.xcassets; sourceTree = "<group>"; };
		D945385B2DBC4499009074A4 /* Info.plist */ = {isa = PBXFileReference; lastKnownFileType = text.plist.xml; path = Info.plist; sourceTree = "<group>"; };
		D945385C2DBC4499009074A4 /* Base */ = {isa = PBXFileReference; lastKnownFileType = file.storyboard; name = Base; path = Base.lproj/LaunchScreen.storyboard; sourceTree = "<group>"; };
		D94538602DBC4499009074A4 /* SceneDelegate.swift */ = {isa = PBXFileReference; lastKnownFileType = sourcecode.swift; path = SceneDelegate.swift; sourceTree = "<group>"; };
		D94538702DBC46EB009074A4 /* ViewController.swift */ = {isa = PBXFileReference; lastKnownFileType = sourcecode.swift; path = ViewController.swift; sourceTree = "<group>"; };
		D94538722DBC49FA009074A4 /* RMLocation.swift */ = {isa = PBXFileReference; lastKnownFileType = sourcecode.swift; path = RMLocation.swift; sourceTree = "<group>"; };
		D94538742DBC4A0F009074A4 /* RMCharacter.swift */ = {isa = PBXFileReference; lastKnownFileType = sourcecode.swift; path = RMCharacter.swift; sourceTree = "<group>"; };
		D94538762DBC4A1B009074A4 /* RMEpisode.swift */ = {isa = PBXFileReference; lastKnownFileType = sourcecode.swift; path = RMEpisode.swift; sourceTree = "<group>"; };
		D94538782DBC4A62009074A4 /* RMTabBarController.swift */ = {isa = PBXFileReference; lastKnownFileType = sourcecode.swift; path = RMTabBarController.swift; sourceTree = "<group>"; };
		D945387B2DBC4B08009074A4 /* RMCharacterController.swift */ = {isa = PBXFileReference; lastKnownFileType = sourcecode.swift; path = RMCharacterController.swift; sourceTree = "<group>"; };
		D945387D2DBC4B15009074A4 /* RMLocationController.swift */ = {isa = PBXFileReference; lastKnownFileType = sourcecode.swift; path = RMLocationController.swift; sourceTree = "<group>"; };
		D945387F2DBC4B27009074A4 /* RMEpisodeController.swift */ = {isa = PBXFileReference; lastKnownFileType = sourcecode.swift; path = RMEpisodeController.swift; sourceTree = "<group>"; };
		D94538812DBC4B31009074A4 /* RMSettingsController.swift */ = {isa = PBXFileReference; lastKnownFileType = sourcecode.swift; path = RMSettingsController.swift; sourceTree = "<group>"; };
		D94538832DBD5392009074A4 /* RMService.swift */ = {isa = PBXFileReference; lastKnownFileType = sourcecode.swift; path = RMService.swift; sourceTree = "<group>"; };
		D94538852DBD53AC009074A4 /* RMRequest.swift */ = {isa = PBXFileReference; lastKnownFileType = sourcecode.swift; path = RMRequest.swift; sourceTree = "<group>"; };
		D94538872DBE0BD3009074A4 /* RMEndpoint.swift */ = {isa = PBXFileReference; lastKnownFileType = sourcecode.swift; path = RMEndpoint.swift; sourceTree = "<group>"; };
/* End PBXFileReference section */

/* Begin PBXFrameworksBuildPhase section */
		D94538362DBC4452009074A4 /* Frameworks */ = {
			isa = PBXFrameworksBuildPhase;
			buildActionMask = 2147483647;
			files = (
			);
			runOnlyForDeploymentPostprocessing = 0;
		};
/* End PBXFrameworksBuildPhase section */

/* Begin PBXGroup section */
		D94538302DBC4451009074A4 = {
			isa = PBXGroup;
			children = (
				D94538622DBC4499009074A4 /* Rick&MortyApp */,
				D945383A2DBC4452009074A4 /* Products */,
			);
			sourceTree = "<group>";
		};
		D945383A2DBC4452009074A4 /* Products */ = {
			isa = PBXGroup;
			children = (
				D94538392DBC4452009074A4 /* Rick&MortyApp.app */,
			);
			name = Products;
			sourceTree = "<group>";
		};
		D94538552DBC4499009074A4 /* Controllers */ = {
			isa = PBXGroup;
			children = (
				D94538702DBC46EB009074A4 /* ViewController.swift */,
				D945387A2DBC4AC1009074A4 /* Core */,
			);
			path = Controllers;
			sourceTree = "<group>";
		};
		D94538562DBC4499009074A4 /* Models */ = {
			isa = PBXGroup;
			children = (
				D94538722DBC49FA009074A4 /* RMLocation.swift */,
				D94538742DBC4A0F009074A4 /* RMCharacter.swift */,
				D94538762DBC4A1B009074A4 /* RMEpisode.swift */,
			);
			path = Models;
			sourceTree = "<group>";
		};
		D94538572DBC4499009074A4 /* Views */ = {
			isa = PBXGroup;
			children = (
			);
			path = Views;
			sourceTree = "<group>";
		};
		D94538582DBC4499009074A4 /* ViewModels */ = {
			isa = PBXGroup;
			children = (
			);
			path = ViewModels;
			sourceTree = "<group>";
		};
		D94538622DBC4499009074A4 /* Rick&MortyApp */ = {
			isa = PBXGroup;
			children = (
				D945386D2DBC4522009074A4 /* Resources */,
				D945386F2DBC4522009074A4 /* Managers */,
				D945386E2DBC4522009074A4 /* APIClients */,
				D94538582DBC4499009074A4 /* ViewModels */,
				D94538572DBC4499009074A4 /* Views */,
				D94538562DBC4499009074A4 /* Models */,
				D94538552DBC4499009074A4 /* Controllers */,
				D945385B2DBC4499009074A4 /* Info.plist */,
			);
			path = "Rick&MortyApp";
			sourceTree = "<group>";
		};
		D945386D2DBC4522009074A4 /* Resources */ = {
			isa = PBXGroup;
			children = (
				D945385A2DBC4499009074A4 /* Assets.xcassets */,
				D945385D2DBC4499009074A4 /* LaunchScreen.storyboard */,
				D94538592DBC4499009074A4 /* AppDelegate.swift */,
				D94538602DBC4499009074A4 /* SceneDelegate.swift */,
			);
			path = Resources;
			sourceTree = "<group>";
		};
		D945386E2DBC4522009074A4 /* APIClients */ = {
			isa = PBXGroup;
			children = (
				D94538832DBD5392009074A4 /* RMService.swift */,
				D94538852DBD53AC009074A4 /* RMRequest.swift */,
				D94538872DBE0BD3009074A4 /* RMEndpoint.swift */,
			);
			path = APIClients;
			sourceTree = "<group>";
		};
		D945386F2DBC4522009074A4 /* Managers */ = {
			isa = PBXGroup;
			children = (
			);
			path = Managers;
			sourceTree = "<group>";
		};
		D945387A2DBC4AC1009074A4 /* Core */ = {
			isa = PBXGroup;
			children = (
				D94538782DBC4A62009074A4 /* RMTabBarController.swift */,
				D945387B2DBC4B08009074A4 /* RMCharacterController.swift */,
				D945387D2DBC4B15009074A4 /* RMLocationController.swift */,
				D945387F2DBC4B27009074A4 /* RMEpisodeController.swift */,
				D94538812DBC4B31009074A4 /* RMSettingsController.swift */,
			);
			path = Core;
			sourceTree = "<group>";
		};
/* End PBXGroup section */

/* Begin PBXNativeTarget section */
		D94538382DBC4452009074A4 /* Rick&MortyApp */ = {
			isa = PBXNativeTarget;
			buildConfigurationList = D945384C2DBC4453009074A4 /* Build configuration list for PBXNativeTarget "Rick&MortyApp" */;
			buildPhases = (
				D94538352DBC4452009074A4 /* Sources */,
				D94538362DBC4452009074A4 /* Frameworks */,
				D94538372DBC4452009074A4 /* Resources */,
			);
			buildRules = (
			);
			dependencies = (
			);
			name = "Rick&MortyApp";
			packageProductDependencies = (
			);
			productName = "Rick&MortyApp";
			productReference = D94538392DBC4452009074A4 /* Rick&MortyApp.app */;
			productType = "com.apple.product-type.application";
		};
/* End PBXNativeTarget section */

/* Begin PBXProject section */
		D94538312DBC4451009074A4 /* Project object */ = {
			isa = PBXProject;
			attributes = {
				BuildIndependentTargetsInParallel = 1;
				LastSwiftUpdateCheck = 1630;
				LastUpgradeCheck = 1630;
				TargetAttributes = {
					D94538382DBC4452009074A4 = {
						CreatedOnToolsVersion = 16.3;
					};
				};
			};
			buildConfigurationList = D94538342DBC4451009074A4 /* Build configuration list for PBXProject "Rick&MortyApp" */;
			developmentRegion = en;
			hasScannedForEncodings = 0;
			knownRegions = (
				en,
				Base,
			);
			mainGroup = D94538302DBC4451009074A4;
			minimizedProjectReferenceProxies = 1;
			preferredProjectObjectVersion = 77;
			productRefGroup = D945383A2DBC4452009074A4 /* Products */;
			projectDirPath = "";
			projectRoot = "";
			targets = (
				D94538382DBC4452009074A4 /* Rick&MortyApp */,
			);
		};
/* End PBXProject section */

/* Begin PBXResourcesBuildPhase section */
		D94538372DBC4452009074A4 /* Resources */ = {
			isa = PBXResourcesBuildPhase;
			buildActionMask = 2147483647;
			files = (
				D94538662DBC4499009074A4 /* Assets.xcassets in Resources */,
				D94538682DBC4499009074A4 /* LaunchScreen.storyboard in Resources */,
			);
			runOnlyForDeploymentPostprocessing = 0;
		};
/* End PBXResourcesBuildPhase section */

/* Begin PBXSourcesBuildPhase section */
		D94538352DBC4452009074A4 /* Sources */ = {
			isa = PBXSourcesBuildPhase;
			buildActionMask = 2147483647;
			files = (
				D945387E2DBC4B15009074A4 /* RMLocationController.swift in Sources */,
				D94538772DBC4A1B009074A4 /* RMEpisode.swift in Sources */,
				D94538842DBD5392009074A4 /* RMService.swift in Sources */,
				D94538792DBC4A62009074A4 /* RMTabBarController.swift in Sources */,
				D94538802DBC4B27009074A4 /* RMEpisodeController.swift in Sources */,
				D94538882DBE0BD3009074A4 /* RMEndpoint.swift in Sources */,
				D94538712DBC46EB009074A4 /* ViewController.swift in Sources */,
				D94538862DBD53AC009074A4 /* RMRequest.swift in Sources */,
				D94538822DBC4B31009074A4 /* RMSettingsController.swift in Sources */,
				D94538632DBC4499009074A4 /* AppDelegate.swift in Sources */,
				D94538642DBC4499009074A4 /* SceneDelegate.swift in Sources */,
				D945387C2DBC4B08009074A4 /* RMCharacterController.swift in Sources */,
				D94538732DBC49FA009074A4 /* RMLocation.swift in Sources */,
				D94538752DBC4A0F009074A4 /* RMCharacter.swift in Sources */,
			);
			runOnlyForDeploymentPostprocessing = 0;
		};
/* End PBXSourcesBuildPhase section */

/* Begin PBXVariantGroup section */
		D945385D2DBC4499009074A4 /* LaunchScreen.storyboard */ = {
			isa = PBXVariantGroup;
			children = (
				D945385C2DBC4499009074A4 /* Base */,
			);
			name = LaunchScreen.storyboard;
			sourceTree = "<group>";
		};
/* End PBXVariantGroup section */

/* Begin XCBuildConfiguration section */
		D945384D2DBC4453009074A4 /* Debug */ = {
			isa = XCBuildConfiguration;
			buildSettings = {
				ASSETCATALOG_COMPILER_APPICON_NAME = AppIcon;
				ASSETCATALOG_COMPILER_GLOBAL_ACCENT_COLOR_NAME = AccentColor;
				CODE_SIGN_STYLE = Automatic;
				CURRENT_PROJECT_VERSION = 1;
				DEVELOPMENT_TEAM = M6NS2BYW8U;
				GENERATE_INFOPLIST_FILE = YES;
				INFOPLIST_FILE = "Rick&MortyApp/Info.plist";
				INFOPLIST_KEY_UIApplicationSupportsIndirectInputEvents = YES;
				INFOPLIST_KEY_UILaunchStoryboardName = LaunchScreen;
				INFOPLIST_KEY_UISupportedInterfaceOrientations_iPad = "UIInterfaceOrientationPortrait UIInterfaceOrientationPortraitUpsideDown UIInterfaceOrientationLandscapeLeft UIInterfaceOrientationLandscapeRight";
				INFOPLIST_KEY_UISupportedInterfaceOrientations_iPhone = "UIInterfaceOrientationPortrait UIInterfaceOrientationLandscapeLeft UIInterfaceOrientationLandscapeRight";
				LD_RUNPATH_SEARCH_PATHS = (
					"$(inherited)",
					"@executable_path/Frameworks",
				);
				MARKETING_VERSION = 1.0;
				PRODUCT_BUNDLE_IDENTIFIER = "com.usmanramzan.rick-mortyapp.Rick-MortyApp";
				PRODUCT_NAME = "$(TARGET_NAME)";
				SWIFT_EMIT_LOC_STRINGS = YES;
				SWIFT_VERSION = 5.0;
				TARGETED_DEVICE_FAMILY = "1,2";
			};
			name = Debug;
		};
		D945384E2DBC4453009074A4 /* Release */ = {
			isa = XCBuildConfiguration;
			buildSettings = {
				ASSETCATALOG_COMPILER_APPICON_NAME = AppIcon;
				ASSETCATALOG_COMPILER_GLOBAL_ACCENT_COLOR_NAME = AccentColor;
				CODE_SIGN_STYLE = Automatic;
				CURRENT_PROJECT_VERSION = 1;
				DEVELOPMENT_TEAM = M6NS2BYW8U;
				GENERATE_INFOPLIST_FILE = YES;
				INFOPLIST_FILE = "Rick&MortyApp/Info.plist";
				INFOPLIST_KEY_UIApplicationSupportsIndirectInputEvents = YES;
				INFOPLIST_KEY_UILaunchStoryboardName = LaunchScreen;
				INFOPLIST_KEY_UISupportedInterfaceOrientations_iPad = "UIInterfaceOrientationPortrait UIInterfaceOrientationPortraitUpsideDown UIInterfaceOrientationLandscapeLeft UIInterfaceOrientationLandscapeRight";
				INFOPLIST_KEY_UISupportedInterfaceOrientations_iPhone = "UIInterfaceOrientationPortrait UIInterfaceOrientationLandscapeLeft UIInterfaceOrientationLandscapeRight";
				LD_RUNPATH_SEARCH_PATHS = (
					"$(inherited)",
					"@executable_path/Frameworks",
				);
				MARKETING_VERSION = 1.0;
				PRODUCT_BUNDLE_IDENTIFIER = "com.usmanramzan.rick-mortyapp.Rick-MortyApp";
				PRODUCT_NAME = "$(TARGET_NAME)";
				SWIFT_EMIT_LOC_STRINGS = YES;
				SWIFT_VERSION = 5.0;
				TARGETED_DEVICE_FAMILY = "1,2";
			};
			name = Release;
		};
		D945384F2DBC4453009074A4 /* Debug */ = {
			isa = XCBuildConfiguration;
			buildSettings = {
				ALWAYS_SEARCH_USER_PATHS = NO;
				ASSETCATALOG_COMPILER_GENERATE_SWIFT_ASSET_SYMBOL_EXTENSIONS = YES;
				CLANG_ANALYZER_NONNULL = YES;
				CLANG_ANALYZER_NUMBER_OBJECT_CONVERSION = YES_AGGRESSIVE;
				CLANG_CXX_LANGUAGE_STANDARD = "gnu++20";
				CLANG_ENABLE_MODULES = YES;
				CLANG_ENABLE_OBJC_ARC = YES;
				CLANG_ENABLE_OBJC_WEAK = YES;
				CLANG_WARN_BLOCK_CAPTURE_AUTORELEASING = YES;
				CLANG_WARN_BOOL_CONVERSION = YES;
				CLANG_WARN_COMMA = YES;
				CLANG_WARN_CONSTANT_CONVERSION = YES;
				CLANG_WARN_DEPRECATED_OBJC_IMPLEMENTATIONS = YES;
				CLANG_WARN_DIRECT_OBJC_ISA_USAGE = YES_ERROR;
				CLANG_WARN_DOCUMENTATION_COMMENTS = YES;
				CLANG_WARN_EMPTY_BODY = YES;
				CLANG_WARN_ENUM_CONVERSION = YES;
				CLANG_WARN_INFINITE_RECURSION = YES;
				CLANG_WARN_INT_CONVERSION = YES;
				CLANG_WARN_NON_LITERAL_NULL_CONVERSION = YES;
				CLANG_WARN_OBJC_IMPLICIT_RETAIN_SELF = YES;
				CLANG_WARN_OBJC_LITERAL_CONVERSION = YES;
				CLANG_WARN_OBJC_ROOT_CLASS = YES_ERROR;
				CLANG_WARN_QUOTED_INCLUDE_IN_FRAMEWORK_HEADER = YES;
				CLANG_WARN_RANGE_LOOP_ANALYSIS = YES;
				CLANG_WARN_STRICT_PROTOTYPES = YES;
				CLANG_WARN_SUSPICIOUS_MOVE = YES;
				CLANG_WARN_UNGUARDED_AVAILABILITY = YES_AGGRESSIVE;
				CLANG_WARN_UNREACHABLE_CODE = YES;
				CLANG_WARN__DUPLICATE_METHOD_MATCH = YES;
				COPY_PHASE_STRIP = NO;
				DEBUG_INFORMATION_FORMAT = dwarf;
				DEVELOPMENT_TEAM = M6NS2BYW8U;
				ENABLE_STRICT_OBJC_MSGSEND = YES;
				ENABLE_TESTABILITY = YES;
				ENABLE_USER_SCRIPT_SANDBOXING = YES;
				GCC_C_LANGUAGE_STANDARD = gnu17;
				GCC_DYNAMIC_NO_PIC = NO;
				GCC_NO_COMMON_BLOCKS = YES;
				GCC_OPTIMIZATION_LEVEL = 0;
				GCC_PREPROCESSOR_DEFINITIONS = (
					"DEBUG=1",
					"$(inherited)",
				);
				GCC_WARN_64_TO_32_BIT_CONVERSION = YES;
				GCC_WARN_ABOUT_RETURN_TYPE = YES_ERROR;
				GCC_WARN_UNDECLARED_SELECTOR = YES;
				GCC_WARN_UNINITIALIZED_AUTOS = YES_AGGRESSIVE;
				GCC_WARN_UNUSED_FUNCTION = YES;
				GCC_WARN_UNUSED_VARIABLE = YES;
				IPHONEOS_DEPLOYMENT_TARGET = 18.4;
				LOCALIZATION_PREFERS_STRING_CATALOGS = YES;
				MTL_ENABLE_DEBUG_INFO = INCLUDE_SOURCE;
				MTL_FAST_MATH = YES;
				ONLY_ACTIVE_ARCH = YES;
				SDKROOT = iphoneos;
				SWIFT_ACTIVE_COMPILATION_CONDITIONS = "DEBUG $(inherited)";
				SWIFT_OPTIMIZATION_LEVEL = "-Onone";
			};
			name = Debug;
		};
		D94538502DBC4453009074A4 /* Release */ = {
			isa = XCBuildConfiguration;
			buildSettings = {
				ALWAYS_SEARCH_USER_PATHS = NO;
				ASSETCATALOG_COMPILER_GENERATE_SWIFT_ASSET_SYMBOL_EXTENSIONS = YES;
				CLANG_ANALYZER_NONNULL = YES;
				CLANG_ANALYZER_NUMBER_OBJECT_CONVERSION = YES_AGGRESSIVE;
				CLANG_CXX_LANGUAGE_STANDARD = "gnu++20";
				CLANG_ENABLE_MODULES = YES;
				CLANG_ENABLE_OBJC_ARC = YES;
				CLANG_ENABLE_OBJC_WEAK = YES;
				CLANG_WARN_BLOCK_CAPTURE_AUTORELEASING = YES;
				CLANG_WARN_BOOL_CONVERSION = YES;
				CLANG_WARN_COMMA = YES;
				CLANG_WARN_CONSTANT_CONVERSION = YES;
				CLANG_WARN_DEPRECATED_OBJC_IMPLEMENTATIONS = YES;
				CLANG_WARN_DIRECT_OBJC_ISA_USAGE = YES_ERROR;
				CLANG_WARN_DOCUMENTATION_COMMENTS = YES;
				CLANG_WARN_EMPTY_BODY = YES;
				CLANG_WARN_ENUM_CONVERSION = YES;
				CLANG_WARN_INFINITE_RECURSION = YES;
				CLANG_WARN_INT_CONVERSION = YES;
				CLANG_WARN_NON_LITERAL_NULL_CONVERSION = YES;
				CLANG_WARN_OBJC_IMPLICIT_RETAIN_SELF = YES;
				CLANG_WARN_OBJC_LITERAL_CONVERSION = YES;
				CLANG_WARN_OBJC_ROOT_CLASS = YES_ERROR;
				CLANG_WARN_QUOTED_INCLUDE_IN_FRAMEWORK_HEADER = YES;
				CLANG_WARN_RANGE_LOOP_ANALYSIS = YES;
				CLANG_WARN_STRICT_PROTOTYPES = YES;
				CLANG_WARN_SUSPICIOUS_MOVE = YES;
				CLANG_WARN_UNGUARDED_AVAILABILITY = YES_AGGRESSIVE;
				CLANG_WARN_UNREACHABLE_CODE = YES;
				CLANG_WARN__DUPLICATE_METHOD_MATCH = YES;
				COPY_PHASE_STRIP = NO;
				DEBUG_INFORMATION_FORMAT = "dwarf-with-dsym";
				DEVELOPMENT_TEAM = M6NS2BYW8U;
				ENABLE_NS_ASSERTIONS = NO;
				ENABLE_STRICT_OBJC_MSGSEND = YES;
				ENABLE_USER_SCRIPT_SANDBOXING = YES;
				GCC_C_LANGUAGE_STANDARD = gnu17;
				GCC_NO_COMMON_BLOCKS = YES;
				GCC_WARN_64_TO_32_BIT_CONVERSION = YES;
				GCC_WARN_ABOUT_RETURN_TYPE = YES_ERROR;
				GCC_WARN_UNDECLARED_SELECTOR = YES;
				GCC_WARN_UNINITIALIZED_AUTOS = YES_AGGRESSIVE;
				GCC_WARN_UNUSED_FUNCTION = YES;
				GCC_WARN_UNUSED_VARIABLE = YES;
				IPHONEOS_DEPLOYMENT_TARGET = 18.4;
				LOCALIZATION_PREFERS_STRING_CATALOGS = YES;
				MTL_ENABLE_DEBUG_INFO = NO;
				MTL_FAST_MATH = YES;
				SDKROOT = iphoneos;
				SWIFT_COMPILATION_MODE = wholemodule;
				VALIDATE_PRODUCT = YES;
			};
			name = Release;
		};
/* End XCBuildConfiguration section */

/* Begin XCConfigurationList section */
		D94538342DBC4451009074A4 /* Build configuration list for PBXProject "Rick&MortyApp" */ = {
			isa = XCConfigurationList;
			buildConfigurations = (
				D945384F2DBC4453009074A4 /* Debug */,
				D94538502DBC4453009074A4 /* Release */,
			);
			defaultConfigurationIsVisible = 0;
			defaultConfigurationName = Release;
		};
		D945384C2DBC4453009074A4 /* Build configuration list for PBXNativeTarget "Rick&MortyApp" */ = {
			isa = XCConfigurationList;
			buildConfigurations = (
				D945384D2DBC4453009074A4 /* Debug */,
				D945384E2DBC4453009074A4 /* Release */,
			);
			defaultConfigurationIsVisible = 0;
			defaultConfigurationName = Release;
		};
/* End XCConfigurationList section */
	};
	rootObject = D94538312DBC4451009074A4 /* Project object */;
}
